{
    "_readme": [
        "This file locks the dependencies of your project to a known state",
        "Read more about it at https://getcomposer.org/doc/01-basic-usage.md#composer-lock-the-lock-file",
        "This file is @generated automatically"
    ],
    "hash": "b1190eed9bc3b84c4cd514697b4d5d30",
    "content-hash": "de856efb4b72114d17017b824e521677",
    "packages": [
        {
            "name": "doctrine/cache",
            "version": "v1.6.0",
            "source": {
                "type": "git",
                "url": "https://github.com/doctrine/cache.git",
                "reference": "f8af318d14bdb0eff0336795b428b547bd39ccb6"
            },
            "dist": {
                "type": "zip",
                "url": "https://api.github.com/repos/doctrine/cache/zipball/f8af318d14bdb0eff0336795b428b547bd39ccb6",
                "reference": "f8af318d14bdb0eff0336795b428b547bd39ccb6",
                "shasum": ""
            },
            "require": {
                "php": "~5.5|~7.0"
            },
            "conflict": {
                "doctrine/common": ">2.2,<2.4"
            },
            "require-dev": {
                "phpunit/phpunit": "~4.8|~5.0",
                "predis/predis": "~1.0",
                "satooshi/php-coveralls": "~0.6"
            },
            "type": "library",
            "extra": {
                "branch-alias": {
                    "dev-master": "1.6.x-dev"
                }
            },
            "autoload": {
                "psr-4": {
                    "Doctrine\\Common\\Cache\\": "lib/Doctrine/Common/Cache"
                }
            },
            "notification-url": "https://packagist.org/downloads/",
            "license": [
                "MIT"
            ],
            "authors": [
                {
                    "name": "Roman Borschel",
                    "email": "roman@code-factory.org"
                },
                {
                    "name": "Benjamin Eberlei",
                    "email": "kontakt@beberlei.de"
                },
                {
                    "name": "Guilherme Blanco",
                    "email": "guilhermeblanco@gmail.com"
                },
                {
                    "name": "Jonathan Wage",
                    "email": "jonwage@gmail.com"
                },
                {
                    "name": "Johannes Schmitt",
                    "email": "schmittjoh@gmail.com"
                }
            ],
            "description": "Caching library offering an object-oriented API for many cache backends",
            "homepage": "http://www.doctrine-project.org",
            "keywords": [
                "cache",
                "caching"
            ],
            "time": "2015-12-31 16:37:02"
        },
        {
            "name": "guzzle/guzzle",
            "version": "v3.9.3",
            "source": {
                "type": "git",
                "url": "https://github.com/guzzle/guzzle3.git",
                "reference": "0645b70d953bc1c067bbc8d5bc53194706b628d9"
            },
            "dist": {
                "type": "zip",
                "url": "https://api.github.com/repos/guzzle/guzzle3/zipball/0645b70d953bc1c067bbc8d5bc53194706b628d9",
                "reference": "0645b70d953bc1c067bbc8d5bc53194706b628d9",
                "shasum": ""
            },
            "require": {
                "ext-curl": "*",
                "php": ">=5.3.3",
                "symfony/event-dispatcher": "~2.1"
            },
            "replace": {
                "guzzle/batch": "self.version",
                "guzzle/cache": "self.version",
                "guzzle/common": "self.version",
                "guzzle/http": "self.version",
                "guzzle/inflection": "self.version",
                "guzzle/iterator": "self.version",
                "guzzle/log": "self.version",
                "guzzle/parser": "self.version",
                "guzzle/plugin": "self.version",
                "guzzle/plugin-async": "self.version",
                "guzzle/plugin-backoff": "self.version",
                "guzzle/plugin-cache": "self.version",
                "guzzle/plugin-cookie": "self.version",
                "guzzle/plugin-curlauth": "self.version",
                "guzzle/plugin-error-response": "self.version",
                "guzzle/plugin-history": "self.version",
                "guzzle/plugin-log": "self.version",
                "guzzle/plugin-md5": "self.version",
                "guzzle/plugin-mock": "self.version",
                "guzzle/plugin-oauth": "self.version",
                "guzzle/service": "self.version",
                "guzzle/stream": "self.version"
            },
            "require-dev": {
                "doctrine/cache": "~1.3",
                "monolog/monolog": "~1.0",
                "phpunit/phpunit": "3.7.*",
                "psr/log": "~1.0",
                "symfony/class-loader": "~2.1",
                "zendframework/zend-cache": "2.*,<2.3",
                "zendframework/zend-log": "2.*,<2.3"
            },
            "suggest": {
                "guzzlehttp/guzzle": "Guzzle 5 has moved to a new package name. The package you have installed, Guzzle 3, is deprecated."
            },
            "type": "library",
            "extra": {
                "branch-alias": {
                    "dev-master": "3.9-dev"
                }
            },
            "autoload": {
                "psr-0": {
                    "Guzzle": "src/",
                    "Guzzle\\Tests": "tests/"
                }
            },
            "notification-url": "https://packagist.org/downloads/",
            "license": [
                "MIT"
            ],
            "authors": [
                {
                    "name": "Michael Dowling",
                    "email": "mtdowling@gmail.com",
                    "homepage": "https://github.com/mtdowling"
                },
                {
                    "name": "Guzzle Community",
                    "homepage": "https://github.com/guzzle/guzzle/contributors"
                }
            ],
            "description": "PHP HTTP client. This library is deprecated in favor of https://packagist.org/packages/guzzlehttp/guzzle",
            "homepage": "http://guzzlephp.org/",
            "keywords": [
                "client",
                "curl",
                "framework",
                "http",
                "http client",
                "rest",
                "web service"
            ],
            "abandoned": "guzzlehttp/guzzle",
            "time": "2015-03-18 18:23:50"
        },
        {
            "name": "guzzlehttp/guzzle",
            "version": "4.0.2",
            "source": {
                "type": "git",
                "url": "https://github.com/guzzle/guzzle.git",
                "reference": "40db53833aaea528347994acd4578d7b9b2211ee"
            },
            "dist": {
                "type": "zip",
                "url": "https://api.github.com/repos/guzzle/guzzle/zipball/40db53833aaea528347994acd4578d7b9b2211ee",
                "reference": "40db53833aaea528347994acd4578d7b9b2211ee",
                "shasum": ""
            },
            "require": {
                "guzzlehttp/streams": "~1.0",
                "php": ">=5.4.0"
            },
            "require-dev": {
                "ext-curl": "*",
                "phpunit/phpunit": "~4.0",
                "psr/log": "~1.0"
            },
            "type": "library",
            "extra": {
                "branch-alias": {
                    "dev-master": "4.0.x-dev"
                }
            },
            "autoload": {
                "psr-4": {
                    "GuzzleHttp\\": "src/"
                },
                "files": [
                    "src/functions.php"
                ]
            },
            "notification-url": "https://packagist.org/downloads/",
            "license": [
                "MIT"
            ],
            "authors": [
                {
                    "name": "Michael Dowling",
                    "email": "mtdowling@gmail.com",
                    "homepage": "https://github.com/mtdowling"
                }
            ],
            "description": "Guzzle is a PHP HTTP client library and framework for building RESTful web service clients",
            "homepage": "http://guzzlephp.org/",
            "keywords": [
                "client",
                "curl",
                "framework",
                "http",
                "http client",
                "rest",
                "web service"
            ],
            "time": "2014-04-16 17:33:22"
        },
        {
            "name": "guzzlehttp/streams",
            "version": "1.5.1",
            "source": {
                "type": "git",
                "url": "https://github.com/guzzle/streams.git",
                "reference": "fb0d1ee29987c2bdc59867bffaade6fc88c2675f"
            },
            "dist": {
                "type": "zip",
                "url": "https://api.github.com/repos/guzzle/streams/zipball/fb0d1ee29987c2bdc59867bffaade6fc88c2675f",
                "reference": "fb0d1ee29987c2bdc59867bffaade6fc88c2675f",
                "shasum": ""
            },
            "require": {
                "php": ">=5.4.0"
            },
            "require-dev": {
                "phpunit/phpunit": "~4.0"
            },
            "type": "library",
            "extra": {
                "branch-alias": {
                    "dev-master": "1.5-dev"
                }
            },
            "autoload": {
                "psr-4": {
                    "GuzzleHttp\\Stream\\": "src/"
                },
                "files": [
                    "src/functions.php"
                ]
            },
            "notification-url": "https://packagist.org/downloads/",
            "license": [
                "MIT"
            ],
            "authors": [
                {
                    "name": "Michael Dowling",
                    "email": "mtdowling@gmail.com",
                    "homepage": "https://github.com/mtdowling"
                }
            ],
            "description": "Provides a simple abstraction over streams of data (Guzzle 4+)",
            "homepage": "http://guzzlephp.org/",
            "keywords": [
                "Guzzle",
                "stream"
            ],
            "time": "2014-08-10 23:57:01"
        },
        {
            "name": "paquettg/leaguewrap",
            "version": "dev-dev/0.6.0",
            "source": {
                "type": "git",
                "url": "https://github.com/paquettg/leaguewrap.git",
                "reference": "9d72c902a4f75553279cb826f43b260c1ad3d69f"
            },
            "dist": {
                "type": "zip",
                "url": "https://api.github.com/repos/paquettg/leaguewrap/zipball/9d72c902a4f75553279cb826f43b260c1ad3d69f",
                "reference": "9d72c902a4f75553279cb826f43b260c1ad3d69f",
                "shasum": ""
            },
            "require": {
                "guzzlehttp/guzzle": "4.0.*",
                "php": ">=5.4"
            },
            "require-dev": {
                "mockery/mockery": "0.8.*",
                "phpunit/phpunit": "3.7.*"
            },
            "type": "library",
            "autoload": {
                "psr-0": {
                    "LeagueWrap": "src/"
                }
            },
            "notification-url": "https://packagist.org/downloads/",
            "license": [
                "MIT"
            ],
            "authors": [
                {
                    "name": "Gilles Paquette",
                    "email": "paquettg@gmail.com",
                    "homepage": "http://gillespaquette.ca"
                }
            ],
            "description": "A wrapper for the League of Legends API.",
            "homepage": "https://github.com/paquettg/leaguewrap",
            "keywords": [
                "api",
                "facade",
                "league",
                "legends",
                "proxy",
                "wrap"
            ],
            "time": "2014-10-14 15:09:01"
        },
        {
            "name": "ptcong/php-http-class",
            "version": "3.0.10",
            "source": {
                "type": "git",
                "url": "https://github.com/ptcong/php-http-client.git",
                "reference": "5bf8e080311e0ffd2540ce4a5bc1991e85e9d3bf"
            },
            "dist": {
                "type": "zip",
                "url": "https://api.github.com/repos/ptcong/php-http-client/zipball/5bf8e080311e0ffd2540ce4a5bc1991e85e9d3bf",
                "reference": "5bf8e080311e0ffd2540ce4a5bc1991e85e9d3bf",
                "shasum": ""
            },
            "require": {
                "php": ">=5.0"
            },
            "type": "library",
            "autoload": {
                "psr-0": {
                    "EasyRequest": ""
                }
            },
            "notification-url": "https://packagist.org/downloads/",
            "license": [
                "MIT"
            ],
            "authors": [
                {
                    "name": "Phan Thanh Cong",
                    "email": "ptcong90@gmail.com",
                    "homepage": "http://ptcong.com"
                }
            ],
            "description": "A simple and powerful Http Client library used for sending request and get response like a browser.",
            "keywords": [
                "curl",
                "fsockopen",
                "http",
                "php",
                "request"
            ],
            "time": "2016-04-07 04:12:51"
        },
        {
            "name": "ptcong/php-image-uploader",
            "version": "6.0.3",
            "source": {
                "type": "git",
                "url": "https://github.com/ptcong/php-remote-image-uploader.git",
                "reference": "4db896a6b079977b3c049c85d0f98ad1d1b76bfa"
            },
            "dist": {
                "type": "zip",
                "url": "https://api.github.com/repos/ptcong/php-remote-image-uploader/zipball/4db896a6b079977b3c049c85d0f98ad1d1b76bfa",
                "reference": "4db896a6b079977b3c049c85d0f98ad1d1b76bfa",
                "shasum": ""
            },
            "require": {
                "doctrine/cache": "^1.5",
                "php": ">=5.3",
                "ptcong/php-http-class": "^3.0"
            },
            "type": "library",
            "autoload": {
                "psr-4": {
                    "RemoteImageUploader\\": "src/RemoteImageUploader/"
                }
            },
            "notification-url": "https://packagist.org/downloads/",
            "license": [
                "MIT"
            ],
            "authors": [
                {
                    "name": "Phan Thanh Cong",
                    "email": "ptcong90@gmail.com",
                    "homepage": "http://ptcong.com"
                }
            ],
            "description": "Library for uploading image to picasa, flickr, imgur, imageshack",
            "keywords": [
                "http",
                "image uploader",
                "php",
                "remote upload"
            ],
            "time": "2016-06-07 04:25:58"
        },
        {
            "name": "sct/league",
            "version": "dev-master",
            "source": {
                "type": "git",
                "url": "https://github.com/sct/League.git",
                "reference": "f48b79393fe0b004c5146e5d820e26d514b0b55b"
            },
            "dist": {
                "type": "zip",
                "url": "https://api.github.com/repos/sct/League/zipball/f48b79393fe0b004c5146e5d820e26d514b0b55b",
                "reference": "f48b79393fe0b004c5146e5d820e26d514b0b55b",
                "shasum": ""
            },
            "require": {
                "guzzle/guzzle": "~3.7",
                "php": ">=5.3.0"
            },
            "type": "library",
            "autoload": {
                "psr-0": {
                    "sct\\League": "src/"
                }
            },
            "notification-url": "https://packagist.org/downloads/",
            "license": [
                "MIT"
            ],
            "authors": [
                {
                    "name": "Ryan Cohen",
                    "email": "sctsnipe@gmail.com",
                    "homepage": "http://www.sctgaming.com",
                    "role": "Developer"
                }
            ],
            "description": "PHP Library to access to the official League of Legends API",
            "homepage": "https://github.com/sct/League",
            "time": "2014-02-04 16:35:16"
        },
        {
            "name": "symfony/event-dispatcher",
            "version": "v2.8.12",
            "source": {
                "type": "git",
                "url": "https://github.com/symfony/event-dispatcher.git",
                "reference": "889983a79a043dfda68f38c38b6dba092dd49cd8"
            },
            "dist": {
                "type": "zip",
                "url": "https://api.github.com/repos/symfony/event-dispatcher/zipball/889983a79a043dfda68f38c38b6dba092dd49cd8",
                "reference": "889983a79a043dfda68f38c38b6dba092dd49cd8",
                "shasum": ""
            },
            "require": {
                "php": ">=5.3.9"
            },
            "require-dev": {
                "psr/log": "~1.0",
                "symfony/config": "~2.0,>=2.0.5|~3.0.0",
                "symfony/dependency-injection": "~2.6|~3.0.0",
                "symfony/expression-language": "~2.6|~3.0.0",
                "symfony/stopwatch": "~2.3|~3.0.0"
            },
            "suggest": {
                "symfony/dependency-injection": "",
                "symfony/http-kernel": ""
            },
            "type": "library",
            "extra": {
                "branch-alias": {
                    "dev-master": "2.8-dev"
                }
            },
            "autoload": {
                "psr-4": {
                    "Symfony\\Component\\EventDispatcher\\": ""
                },
                "exclude-from-classmap": [
                    "/Tests/"
                ]
            },
            "notification-url": "https://packagist.org/downloads/",
            "license": [
                "MIT"
            ],
            "authors": [
                {
                    "name": "Fabien Potencier",
                    "email": "fabien@symfony.com"
                },
                {
                    "name": "Symfony Community",
                    "homepage": "https://symfony.com/contributors"
                }
            ],
            "description": "Symfony EventDispatcher Component",
            "homepage": "https://symfony.com",
            "time": "2016-07-28 16:56:28"
        },
        {
            "name": "zend/gdata",
            "version": "dev-master",
            "source": {
                "type": "git",
                "url": "https://github.com/alchemy-fr/gdata.git",
                "reference": "4ae96d26cec159d74ced57c89ebdcde754ece35d"
            },
            "dist": {
                "type": "zip",
                "url": "https://api.github.com/repos/alchemy-fr/gdata/zipball/4ae96d26cec159d74ced57c89ebdcde754ece35d",
                "reference": "4ae96d26cec159d74ced57c89ebdcde754ece35d",
                "shasum": ""
            },
            "require": {
                "php": ">5.2.4"
            },
            "type": "library",
            "autoload": {
                "psr-0": {
                    "Zend_": "library"
                }
            },
            "notification-url": "https://packagist.org/downloads/",
            "license": [
                "New BSD"
            ],
            "authors": [
                {
                    "name": "Zend Contributors",
                    "homepage": "http://framework.zend.com/community/contributors"
                }
            ],
            "description": "The Google Data APIs are a set of web services for read/write access to applications hosted by Google",
            "homepage": "http://framework.zend.com/download/webservices",
            "keywords": [
                "gdata",
                "zend"
            ],
            "time": "2013-01-30 15:31:21"
        }
    ],
    "packages-dev": [],
    "aliases": [],
    "minimum-stability": "stable",
    "stability-flags": {
        "sct/league": 20,
        "paquettg/leaguewrap": 20,
        "zend/gdata": 20
    },
    "prefer-stable": false,
    "prefer-lowest": false,
    "platform": [],
    "platform-dev": []
}
